
Microsoft Visual Studio Solution File, Format Version 12.00
# Visual Studio Version 16
VisualStudioVersion = 16.0.30204.135
MinimumVisualStudioVersion = 10.0.40219.1
Project("{FAE04EC0-301F-11D3-BF4B-00C04F79EFBC}") = "veterinary-management-system", "veterinary-management-system.csproj", "{FA6E3A23-FDBB-4C0F-8BB1-7AD9E6A4B19B}"
EndProject
Global
	GlobalSection(SolutionConfigurationPlatforms) = preSolution
		Debug|Any CPU = Debug|Any CPU
		Release|Any CPU = Release|Any CPU
	EndGlobalSection
	GlobalSection(ProjectConfigurationPlatforms) = postSolution
		{FA6E3A23-FDBB-4C0F-8BB1-7AD9E6A4B19B}.Debug|Any CPU.ActiveCfg = Debug|Any CPU
		{FA6E3A23-FDBB-4C0F-8BB1-7AD9E6A4B19B}.Debug|Any CPU.Build.0 = Debug|Any CPU
		{FA6E3A23-FDBB-4C0F-8BB1-7AD9E6A4B19B}.Release|Any CPU.ActiveCfg = Release|Any CPU
		{FA6E3A23-FDBB-4C0F-8BB1-7AD9E6A4B19B}.Release|Any CPU.Build.0 = Release|Any CPU
	EndGlobalSection
	GlobalSection(SolutionProperties) = preSolution
		HideSolutionNode = FALSE
	EndGlobalSection
	GlobalSection(ExtensibilityGlobals) = postSolution
		SolutionGuid = {F66FC441-9420-4380-B3A9-831D7807D56C}
	EndGlobalSection
EndGlobal
